
Microsoft Visual Studio Solution File, Format Version 12.00
# Visual Studio Version 17
VisualStudioVersion = 17.5.002.0
MinimumVisualStudioVersion = 10.0.40219.1
Project("{9A19103F-16F7-4668-BE54-9A1E7A4F7556}") = "projeto visual code 2", "projeto visual code 2.csproj", "{1DF6EB25-CB27-47A1-AA59-E63B8A326FB9}"
EndProject
Global
	GlobalSection(SolutionConfigurationPlatforms) = preSolution
		Debug|Any CPU = Debug|Any CPU
		Release|Any CPU = Release|Any CPU
	EndGlobalSection
	GlobalSection(ProjectConfigurationPlatforms) = postSolution
		{1DF6EB25-CB27-47A1-AA59-E63B8A326FB9}.Debug|Any CPU.ActiveCfg = Debug|Any CPU
		{1DF6EB25-CB27-47A1-AA59-E63B8A326FB9}.Debug|Any CPU.Build.0 = Debug|Any CPU
		{1DF6EB25-CB27-47A1-AA59-E63B8A326FB9}.Release|Any CPU.ActiveCfg = Release|Any CPU
		{1DF6EB25-CB27-47A1-AA59-E63B8A326FB9}.Release|Any CPU.Build.0 = Release|Any CPU
	EndGlobalSection
	GlobalSection(SolutionProperties) = preSolution
		HideSolutionNode = FALSE
	EndGlobalSection
	GlobalSection(ExtensibilityGlobals) = postSolution
		SolutionGuid = {94334C45-F168-497B-A3A4-BB9D5509874D}
	EndGlobalSection
EndGlobal
